
Microsoft Visual Studio Solution File, Format Version 12.00
# Visual Studio Version 17
VisualStudioVersion = 17.3.32901.215
MinimumVisualStudioVersion = 10.0.40219.1
Project("{54A90642-561A-4BB1-A94E-469ADEE60C69}") = "LernApp", "LernApp\LernApp.esproj", "{66B6CD10-B28A-46EF-8028-911D185A45AD}"
EndProject
Global
	GlobalSection(SolutionConfigurationPlatforms) = preSolution
		Debug|Any CPU = Debug|Any CPU
		Release|Any CPU = Release|Any CPU
	EndGlobalSection
	GlobalSection(ProjectConfigurationPlatforms) = postSolution
		{66B6CD10-B28A-46EF-8028-911D185A45AD}.Debug|Any CPU.ActiveCfg = Debug|Any CPU
		{66B6CD10-B28A-46EF-8028-911D185A45AD}.Debug|Any CPU.Build.0 = Debug|Any CPU
		{66B6CD10-B28A-46EF-8028-911D185A45AD}.Debug|Any CPU.Deploy.0 = Debug|Any CPU
		{66B6CD10-B28A-46EF-8028-911D185A45AD}.Release|Any CPU.ActiveCfg = Release|Any CPU
		{66B6CD10-B28A-46EF-8028-911D185A45AD}.Release|Any CPU.Build.0 = Release|Any CPU
		{66B6CD10-B28A-46EF-8028-911D185A45AD}.Release|Any CPU.Deploy.0 = Release|Any CPU
	EndGlobalSection
	GlobalSection(SolutionProperties) = preSolution
		HideSolutionNode = FALSE
	EndGlobalSection
	GlobalSection(ExtensibilityGlobals) = postSolution
		SolutionGuid = {5D96A5BC-38E8-4292-A729-C03CB6F00307}
	EndGlobalSection
EndGlobal
